
Microsoft Visual Studio Solution File, Format Version 12.00
# Visual Studio 15
VisualStudioVersion = 15.0.27703.2047
MinimumVisualStudioVersion = 10.0.40219.1
Project("{FAE04EC0-301F-11D3-BF4B-00C04F79EFBC}") = "WebApplication3", "WebApplication3\WebApplication3.csproj", "{63B5DC18-E577-4A17-AB0A-6596D000645B}"
EndProject
Global
	GlobalSection(SolutionConfigurationPlatforms) = preSolution
		Debug|Any CPU = Debug|Any CPU
		Release|Any CPU = Release|Any CPU
	EndGlobalSection
	GlobalSection(ProjectConfigurationPlatforms) = postSolution
		{63B5DC18-E577-4A17-AB0A-6596D000645B}.Debug|Any CPU.ActiveCfg = Debug|Any CPU
		{63B5DC18-E577-4A17-AB0A-6596D000645B}.Debug|Any CPU.Build.0 = Debug|Any CPU
		{63B5DC18-E577-4A17-AB0A-6596D000645B}.Release|Any CPU.ActiveCfg = Release|Any CPU
		{63B5DC18-E577-4A17-AB0A-6596D000645B}.Release|Any CPU.Build.0 = Release|Any CPU
	EndGlobalSection
	GlobalSection(SolutionProperties) = preSolution
		HideSolutionNode = FALSE
	EndGlobalSection
	GlobalSection(ExtensibilityGlobals) = postSolution
		SolutionGuid = {B18C1FC6-F561-49B1-995A-21A33EEC7570}
	EndGlobalSection
EndGlobal
